# This file was autogenerated by uv via the following command:
#    uv pip compile requirements.txt -o requirements.lock
annotated-types==0.7.0
    # via pydantic
anyio==4.13.0
    # via
    #   httpx
    #   openai
    #   portkey-ai
beautifulsoup4==4.12.2
    # via -r requirements.txt
blinker==1.9.0
    # via flask
cached-property==2.0.1
    # via portkey-ai
certifi==2026.4.22
    # via
    #   httpcore
    #   httpx
    #   requests
cffi==2.0.0
    # via cryptography
charset-normalizer==3.4.7
    # via
    #   pdfminer-six
    #   reportlab
    #   requests
click==8.4.0
    # via flask
cryptography==48.0.0
    # via pdfminer-six
distro==1.9.0
    # via
    #   openai
    #   portkey-ai
flask==2.3.3
    # via -r requirements.txt
gunicorn==21.2.0
    # via -r requirements.txt
h11==0.16.0
    # via httpcore
httpcore==1.0.9
    # via httpx
httpx==0.28.1
    # via
    #   openai
    #   portkey-ai
idna==3.15
    # via
    #   anyio
    #   httpx
    #   requests
itsdangerous==2.2.0
    # via flask
jinja2==3.1.6
    # via flask
jiter==0.14.0
    # via
    #   openai
    #   portkey-ai
lxml==6.1.0
    # via -r requirements.txt
markupsafe==3.0.3
    # via
    #   jinja2
    #   werkzeug
openai==1.109.1
    # via -r requirements.txt
packaging==26.2
    # via gunicorn
pdfminer-six==20251230
    # via pdfplumber
pdfplumber==0.11.9
    # via -r requirements.txt
pillow==12.2.0
    # via
    #   -r requirements.txt
    #   pdfplumber
    #   reportlab
portkey-ai==2.3.1
    # via -r requirements.txt
pycparser==3.0
    # via cffi
pydantic==2.13.4
    # via
    #   openai
    #   portkey-ai
pydantic-core==2.46.4
    # via pydantic
pymupdf==1.27.2.3
    # via -r requirements.txt
pypdf2==3.0.1
    # via -r requirements.txt
pypdfium2==5.8.0
    # via pdfplumber
python-dotenv==1.0.0
    # via -r requirements.txt
pytz==2026.2
    # via -r requirements.txt
reportlab==4.5.1
    # via -r requirements.txt
requests==2.31.0
    # via -r requirements.txt
sniffio==1.3.1
    # via
    #   openai
    #   portkey-ai
soupsieve==2.8.3
    # via beautifulsoup4
tqdm==4.67.3
    # via
    #   openai
    #   portkey-ai
types-requests==2.33.0.20260518
    # via portkey-ai
typing-extensions==4.15.0
    # via
    #   anyio
    #   openai
    #   portkey-ai
    #   pydantic
    #   pydantic-core
    #   typing-inspection
typing-inspection==0.4.2
    # via pydantic
urllib3==2.7.0
    # via
    #   requests
    #   types-requests
werkzeug==2.3.7
    # via
    #   -r requirements.txt
    #   flask
